
Microsoft Visual Studio Solution File, Format Version 11.00
# Visual Studio 2010
Project("{FAE04EC0-301F-11D3-BF4B-00C04F79EFBC}") = "RemObjects.InternetPack.XMPP", "RemObjects.InternetPack.XMPP.csproj", "{D2B39454-614B-4449-B557-448C3845FAC5}"
EndProject
Project("{FAE04EC0-301F-11D3-BF4B-00C04F79EFBC}") = "ConsoleApplication1", "ConsoleApplication1\ConsoleApplication1.csproj", "{4F92008A-EBA4-4F07-9DBC-C2909741B0F4}"
EndProject
Global
	GlobalSection(SolutionConfigurationPlatforms) = preSolution
		Debug|Any CPU = Debug|Any CPU
		Debug|Mixed Platforms = Debug|Mixed Platforms
		Debug|x86 = Debug|x86
		Release|Any CPU = Release|Any CPU
		Release|Mixed Platforms = Release|Mixed Platforms
		Release|x86 = Release|x86
	EndGlobalSection
	GlobalSection(ProjectConfigurationPlatforms) = postSolution
		{D2B39454-614B-4449-B557-448C3845FAC5}.Debug|Any CPU.ActiveCfg = Debug|Any CPU
		{D2B39454-614B-4449-B557-448C3845FAC5}.Debug|Any CPU.Build.0 = Debug|Any CPU
		{D2B39454-614B-4449-B557-448C3845FAC5}.Debug|Mixed Platforms.ActiveCfg = Debug|Any CPU
		{D2B39454-614B-4449-B557-448C3845FAC5}.Debug|Mixed Platforms.Build.0 = Debug|Any CPU
		{D2B39454-614B-4449-B557-448C3845FAC5}.Debug|x86.ActiveCfg = Debug|Any CPU
		{D2B39454-614B-4449-B557-448C3845FAC5}.Release|Any CPU.ActiveCfg = Release|Any CPU
		{D2B39454-614B-4449-B557-448C3845FAC5}.Release|Any CPU.Build.0 = Release|Any CPU
		{D2B39454-614B-4449-B557-448C3845FAC5}.Release|Mixed Platforms.ActiveCfg = Release|Any CPU
		{D2B39454-614B-4449-B557-448C3845FAC5}.Release|Mixed Platforms.Build.0 = Release|Any CPU
		{D2B39454-614B-4449-B557-448C3845FAC5}.Release|x86.ActiveCfg = Release|Any CPU
		{4F92008A-EBA4-4F07-9DBC-C2909741B0F4}.Debug|Any CPU.ActiveCfg = Debug|x86
		{4F92008A-EBA4-4F07-9DBC-C2909741B0F4}.Debug|Mixed Platforms.ActiveCfg = Debug|x86
		{4F92008A-EBA4-4F07-9DBC-C2909741B0F4}.Debug|Mixed Platforms.Build.0 = Debug|x86
		{4F92008A-EBA4-4F07-9DBC-C2909741B0F4}.Debug|x86.ActiveCfg = Debug|x86
		{4F92008A-EBA4-4F07-9DBC-C2909741B0F4}.Debug|x86.Build.0 = Debug|x86
		{4F92008A-EBA4-4F07-9DBC-C2909741B0F4}.Release|Any CPU.ActiveCfg = Release|x86
		{4F92008A-EBA4-4F07-9DBC-C2909741B0F4}.Release|Mixed Platforms.ActiveCfg = Release|x86
		{4F92008A-EBA4-4F07-9DBC-C2909741B0F4}.Release|Mixed Platforms.Build.0 = Release|x86
		{4F92008A-EBA4-4F07-9DBC-C2909741B0F4}.Release|x86.ActiveCfg = Release|x86
		{4F92008A-EBA4-4F07-9DBC-C2909741B0F4}.Release|x86.Build.0 = Release|x86
	EndGlobalSection
	GlobalSection(SolutionProperties) = preSolution
		HideSolutionNode = FALSE
	EndGlobalSection
EndGlobal
